// !$*UTF8*$!
{
	archiveVersion = 1;
	classes = {
	};
	objectVersion = 50;
	objects = {

/* Begin PBXBuildFile section */
		AF1370182577E8B500D3DC73 /* AppDelegate.m in Sources */ = {isa = PBXBuildFile; fileRef = AF1370172577E8B500D3DC73 /* AppDelegate.m */; };
		AF13701B2577E8B500D3DC73 /* ViewController.m in Sources */ = {isa = PBXBuildFile; fileRef = AF13701A2577E8B500D3DC73 /* ViewController.m */; };
		AF13701D2577E8B500D3DC73 /* Assets.xcassets in Resources */ = {isa = PBXBuildFile; fileRef = AF13701C2577E8B500D3DC73 /* Assets.xcassets */; };
		AF1370202577E8B500D3DC73 /* Main.storyboard in Resources */ = {isa = PBXBuildFile; fileRef = AF13701E2577E8B500D3DC73 /* Main.storyboard */; };
		AF1370232577E8B500D3DC73 /* main.m in Sources */ = {isa = PBXBuildFile; fileRef = AF1370222577E8B500D3DC73 /* main.m */; };
		AF13702E2577E8B500D3DC73 /* Xcode10_1Tests.m in Sources */ = {isa = PBXBuildFile; fileRef = AF13702D2577E8B500D3DC73 /* Xcode10_1Tests.m */; };
		AF1370392577E8B500D3DC73 /* Xcode10_1UITests.m in Sources */ = {isa = PBXBuildFile; fileRef = AF1370382577E8B500D3DC73 /* Xcode10_1UITests.m */; };
/* End PBXBuildFile section */

/* Begin PBXContainerItemProxy section */
		AF13702A2577E8B500D3DC73 /* PBXContainerItemProxy */ = {
			isa = PBXContainerItemProxy;
			containerPortal = AF13700B2577E8B500D3DC73 /* Project object */;
			proxyType = 1;
			remoteGlobalIDString = AF1370122577E8B500D3DC73;
			remoteInfo = Xcode10.1;
		};
		AF1370352577E8B500D3DC73 /* PBXContainerItemProxy */ = {
			isa = PBXContainerItemProxy;
			containerPortal = AF13700B2577E8B500D3DC73 /* Project object */;
			proxyType = 1;
			remoteGlobalIDString = AF1370122577E8B500D3DC73;
			remoteInfo = Xcode10.1;
		};
/* End PBXContainerItemProxy section */

/* Begin PBXFileReference section */
		AF1370132577E8B500D3DC73 /* Xcode10.1.app */ = {isa = PBXFileReference; explicitFileType = wrapper.application; includeInIndex = 0; path = Xcode10.1.app; sourceTree = BUILT_PRODUCTS_DIR; };
		AF1370162577E8B500D3DC73 /* AppDelegate.h */ = {isa = PBXFileReference; lastKnownFileType = sourcecode.c.h; path = AppDelegate.h; sourceTree = "<group>"; };
		AF1370172577E8B500D3DC73 /* AppDelegate.m */ = {isa = PBXFileReference; lastKnownFileType = sourcecode.c.objc; path = AppDelegate.m; sourceTree = "<group>"; };
		AF1370192577E8B500D3DC73 /* ViewController.h */ = {isa = PBXFileReference; lastKnownFileType = sourcecode.c.h; path = ViewController.h; sourceTree = "<group>"; };
		AF13701A2577E8B500D3DC73 /* ViewController.m */ = {isa = PBXFileReference; lastKnownFileType = sourcecode.c.objc; path = ViewController.m; sourceTree = "<group>"; };
		AF13701C2577E8B500D3DC73 /* Assets.xcassets */ = {isa = PBXFileReference; lastKnownFileType = folder.assetcatalog; path = Assets.xcassets; sourceTree = "<group>"; };
		AF13701F2577E8B500D3DC73 /* Base */ = {isa = PBXFileReference; lastKnownFileType = file.storyboard; name = Base; path = Base.lproj/Main.storyboard; sourceTree = "<group>"; };
		AF1370212577E8B500D3DC73 /* Info.plist */ = {isa = PBXFileReference; lastKnownFileType = text.plist.xml; path = Info.plist; sourceTree = "<group>"; };
		AF1370222577E8B500D3DC73 /* main.m */ = {isa = PBXFileReference; lastKnownFileType = sourcecode.c.objc; path = main.m; sourceTree = "<group>"; };
		AF1370242577E8B500D3DC73 /* Xcode10_1.entitlements */ = {isa = PBXFileReference; lastKnownFileType = text.plist.entitlements; path = Xcode10_1.entitlements; sourceTree = "<group>"; };
		AF1370292577E8B500D3DC73 /* Xcode10.1Tests.xctest */ = {isa = PBXFileReference; explicitFileType = wrapper.cfbundle; includeInIndex = 0; path = Xcode10.1Tests.xctest; sourceTree = BUILT_PRODUCTS_DIR; };
		AF13702D2577E8B500D3DC73 /* Xcode10_1Tests.m */ = {isa = PBXFileReference; lastKnownFileType = sourcecode.c.objc; path = Xcode10_1Tests.m; sourceTree = "<group>"; };
		AF13702F2577E8B500D3DC73 /* Info.plist */ = {isa = PBXFileReference; lastKnownFileType = text.plist.xml; path = Info.plist; sourceTree = "<group>"; };
		AF1370342577E8B500D3DC73 /* Xcode10.1UITests.xctest */ = {isa = PBXFileReference; explicitFileType = wrapper.cfbundle; includeInIndex = 0; path = Xcode10.1UITests.xctest; sourceTree = BUILT_PRODUCTS_DIR; };
		AF1370382577E8B500D3DC73 /* Xcode10_1UITests.m */ = {isa = PBXFileReference; lastKnownFileType = sourcecode.c.objc; path = Xcode10_1UITests.m; sourceTree = "<group>"; };
		AF13703A2577E8B500D3DC73 /* Info.plist */ = {isa = PBXFileReference; lastKnownFileType = text.plist.xml; path = Info.plist; sourceTree = "<group>"; };
/* End PBXFileReference section */

/* Begin PBXFrameworksBuildPhase section */
		AF1370102577E8B500D3DC73 /* Frameworks */ = {
			isa = PBXFrameworksBuildPhase;
			buildActionMask = 2147483647;
			files = (
			);
			runOnlyForDeploymentPostprocessing = 0;
		};
		AF1370262577E8B500D3DC73 /* Frameworks */ = {
			isa = PBXFrameworksBuildPhase;
			buildActionMask = 2147483647;
			files = (
			);
			runOnlyForDeploymentPostprocessing = 0;
		};
		AF1370312577E8B500D3DC73 /* Frameworks */ = {
			isa = PBXFrameworksBuildPhase;
			buildActionMask = 2147483647;
			files = (
			);
			runOnlyForDeploymentPostprocessing = 0;
		};
/* End PBXFrameworksBuildPhase section */

/* Begin PBXGroup section */
		AF13700A2577E8B500D3DC73 = {
			isa = PBXGroup;
			children = (
				AF1370152577E8B500D3DC73 /* Xcode10.1 */,
				AF13702C2577E8B500D3DC73 /* Xcode10.1Tests */,
				AF1370372577E8B500D3DC73 /* Xcode10.1UITests */,
				AF1370142577E8B500D3DC73 /* Products */,
			);
			sourceTree = "<group>";
		};
		AF1370142577E8B500D3DC73 /* Products */ = {
			isa = PBXGroup;
			children = (
				AF1370132577E8B500D3DC73 /* Xcode10.1.app */,
				AF1370292577E8B500D3DC73 /* Xcode10.1Tests.xctest */,
				AF1370342577E8B500D3DC73 /* Xcode10.1UITests.xctest */,
			);
			name = Products;
			sourceTree = "<group>";
		};
		AF1370152577E8B500D3DC73 /* Xcode10.1 */ = {
			isa = PBXGroup;
			children = (
				AF1370162577E8B500D3DC73 /* AppDelegate.h */,
				AF1370172577E8B500D3DC73 /* AppDelegate.m */,
				AF1370192577E8B500D3DC73 /* ViewController.h */,
				AF13701A2577E8B500D3DC73 /* ViewController.m */,
				AF13701C2577E8B500D3DC73 /* Assets.xcassets */,
				AF13701E2577E8B500D3DC73 /* Main.storyboard */,
				AF1370212577E8B500D3DC73 /* Info.plist */,
				AF1370222577E8B500D3DC73 /* main.m */,
				AF1370242577E8B500D3DC73 /* Xcode10_1.entitlements */,
			);
			path = Xcode10.1;
			sourceTree = "<group>";
		};
		AF13702C2577E8B500D3DC73 /* Xcode10.1Tests */ = {
			isa = PBXGroup;
			children = (
				AF13702D2577E8B500D3DC73 /* Xcode10_1Tests.m */,
				AF13702F2577E8B500D3DC73 /* Info.plist */,
			);
			path = Xcode10.1Tests;
			sourceTree = "<group>";
		};
		AF1370372577E8B500D3DC73 /* Xcode10.1UITests */ = {
			isa = PBXGroup;
			children = (
				AF1370382577E8B500D3DC73 /* Xcode10_1UITests.m */,
				AF13703A2577E8B500D3DC73 /* Info.plist */,
			);
			path = Xcode10.1UITests;
			sourceTree = "<group>";
		};
/* End PBXGroup section */

/* Begin PBXNativeTarget section */
		AF1370122577E8B500D3DC73 /* Xcode10.1 */ = {
			isa = PBXNativeTarget;
			buildConfigurationList = AF13703D2577E8B500D3DC73 /* Build configuration list for PBXNativeTarget "Xcode10.1" */;
			buildPhases = (
				AF13700F2577E8B500D3DC73 /* Sources */,
				AF1370102577E8B500D3DC73 /* Frameworks */,
				AF1370112577E8B500D3DC73 /* Resources */,
			);
			buildRules = (
			);
			dependencies = (
			);
			name = Xcode10.1;
			productName = Xcode10.1;
			productReference = AF1370132577E8B500D3DC73 /* Xcode10.1.app */;
			productType = "com.apple.product-type.application";
		};
		AF1370282577E8B500D3DC73 /* Xcode10.1Tests */ = {
			isa = PBXNativeTarget;
			buildConfigurationList = AF1370402577E8B500D3DC73 /* Build configuration list for PBXNativeTarget "Xcode10.1Tests" */;
			buildPhases = (
				AF1370252577E8B500D3DC73 /* Sources */,
				AF1370262577E8B500D3DC73 /* Frameworks */,
				AF1370272577E8B500D3DC73 /* Resources */,
			);
			buildRules = (
			);
			dependencies = (
				AF13702B2577E8B500D3DC73 /* PBXTargetDependency */,
			);
			name = Xcode10.1Tests;
			productName = Xcode10.1Tests;
			productReference = AF1370292577E8B500D3DC73 /* Xcode10.1Tests.xctest */;
			productType = "com.apple.product-type.bundle.unit-test";
		};
		AF1370332577E8B500D3DC73 /* Xcode10.1UITests */ = {
			isa = PBXNativeTarget;
			buildConfigurationList = AF1370432577E8B500D3DC73 /* Build configuration list for PBXNativeTarget "Xcode10.1UITests" */;
			buildPhases = (
				AF1370302577E8B500D3DC73 /* Sources */,
				AF1370312577E8B500D3DC73 /* Frameworks */,
				AF1370322577E8B500D3DC73 /* Resources */,
			);
			buildRules = (
			);
			dependencies = (
				AF1370362577E8B500D3DC73 /* PBXTargetDependency */,
			);
			name = Xcode10.1UITests;
			productName = Xcode10.1UITests;
			productReference = AF1370342577E8B500D3DC73 /* Xcode10.1UITests.xctest */;
			productType = "com.apple.product-type.bundle.ui-testing";
		};
/* End PBXNativeTarget section */

/* Begin PBXProject section */
		AF13700B2577E8B500D3DC73 /* Project object */ = {
			isa = PBXProject;
			attributes = {
				LastUpgradeCheck = 1010;
				ORGANIZATIONNAME = "本田尚行";
				TargetAttributes = {
					AF1370122577E8B500D3DC73 = {
						CreatedOnToolsVersion = 10.1;
					};
					AF1370282577E8B500D3DC73 = {
						CreatedOnToolsVersion = 10.1;
						TestTargetID = AF1370122577E8B500D3DC73;
					};
					AF1370332577E8B500D3DC73 = {
						CreatedOnToolsVersion = 10.1;
						TestTargetID = AF1370122577E8B500D3DC73;
					};
				};
			};
			buildConfigurationList = AF13700E2577E8B500D3DC73 /* Build configuration list for PBXProject "Xcode10.1" */;
			compatibilityVersion = "Xcode 9.3";
			developmentRegion = en;
			hasScannedForEncodings = 0;
			knownRegions = (
				en,
				Base,
			);
			mainGroup = AF13700A2577E8B500D3DC73;
			productRefGroup = AF1370142577E8B500D3DC73 /* Products */;
			projectDirPath = "";
			projectRoot = "";
			targets = (
				AF1370122577E8B500D3DC73 /* Xcode10.1 */,
				AF1370282577E8B500D3DC73 /* Xcode10.1Tests */,
				AF1370332577E8B500D3DC73 /* Xcode10.1UITests */,
			);
		};
/* End PBXProject section */

/* Begin PBXResourcesBuildPhase section */
		AF1370112577E8B500D3DC73 /* Resources */ = {
			isa = PBXResourcesBuildPhase;
			buildActionMask = 2147483647;
			files = (
				AF13701D2577E8B500D3DC73 /* Assets.xcassets in Resources */,
				AF1370202577E8B500D3DC73 /* Main.storyboard in Resources */,
			);
			runOnlyForDeploymentPostprocessing = 0;
		};
		AF1370272577E8B500D3DC73 /* Resources */ = {
			isa = PBXResourcesBuildPhase;
			buildActionMask = 2147483647;
			files = (
			);
			runOnlyForDeploymentPostprocessing = 0;
		};
		AF1370322577E8B500D3DC73 /* Resources */ = {
			isa = PBXResourcesBuildPhase;
			buildActionMask = 2147483647;
			files = (
			);
			runOnlyForDeploymentPostprocessing = 0;
		};
/* End PBXResourcesBuildPhase section */

/* Begin PBXSourcesBuildPhase section */
		AF13700F2577E8B500D3DC73 /* Sources */ = {
			isa = PBXSourcesBuildPhase;
			buildActionMask = 2147483647;
			files = (
				AF13701B2577E8B500D3DC73 /* ViewController.m in Sources */,
				AF1370232577E8B500D3DC73 /* main.m in Sources */,
				AF1370182577E8B500D3DC73 /* AppDelegate.m in Sources */,
			);
			runOnlyForDeploymentPostprocessing = 0;
		};
		AF1370252577E8B500D3DC73 /* Sources */ = {
			isa = PBXSourcesBuildPhase;
			buildActionMask = 2147483647;
			files = (
				AF13702E2577E8B500D3DC73 /* Xcode10_1Tests.m in Sources */,
			);
			runOnlyForDeploymentPostprocessing = 0;
		};
		AF1370302577E8B500D3DC73 /* Sources */ = {
			isa = PBXSourcesBuildPhase;
			buildActionMask = 2147483647;
			files = (
				AF1370392577E8B500D3DC73 /* Xcode10_1UITests.m in Sources */,
			);
			runOnlyForDeploymentPostprocessing = 0;
		};
/* End PBXSourcesBuildPhase section */

/* Begin PBXTargetDependency section */
		AF13702B2577E8B500D3DC73 /* PBXTargetDependency */ = {
			isa = PBXTargetDependency;
			target = AF1370122577E8B500D3DC73 /* Xcode10.1 */;
			targetProxy = AF13702A2577E8B500D3DC73 /* PBXContainerItemProxy */;
		};
		AF1370362577E8B500D3DC73 /* PBXTargetDependency */ = {
			isa = PBXTargetDependency;
			target = AF1370122577E8B500D3DC73 /* Xcode10.1 */;
			targetProxy = AF1370352577E8B500D3DC73 /* PBXContainerItemProxy */;
		};
/* End PBXTargetDependency section */

/* Begin PBXVariantGroup section */
		AF13701E2577E8B500D3DC73 /* Main.storyboard */ = {
			isa = PBXVariantGroup;
			children = (
				AF13701F2577E8B500D3DC73 /* Base */,
			);
			name = Main.storyboard;
			sourceTree = "<group>";
		};
/* End PBXVariantGroup section */

/* Begin XCBuildConfiguration section */
		AF13703B2577E8B500D3DC73 /* Debug */ = {
			isa = XCBuildConfiguration;
			buildSettings = {
				ALWAYS_SEARCH_USER_PATHS = NO;
				CLANG_ANALYZER_NONNULL = YES;
				CLANG_ANALYZER_NUMBER_OBJECT_CONVERSION = YES_AGGRESSIVE;
				CLANG_CXX_LANGUAGE_STANDARD = "gnu++14";
				CLANG_CXX_LIBRARY = "libc++";
				CLANG_ENABLE_MODULES = YES;
				CLANG_ENABLE_OBJC_ARC = YES;
				CLANG_ENABLE_OBJC_WEAK = YES;
				CLANG_WARN_BLOCK_CAPTURE_AUTORELEASING = YES;
				CLANG_WARN_BOOL_CONVERSION = YES;
				CLANG_WARN_COMMA = YES;
				CLANG_WARN_CONSTANT_CONVERSION = YES;
				CLANG_WARN_DEPRECATED_OBJC_IMPLEMENTATIONS = YES;
				CLANG_WARN_DIRECT_OBJC_ISA_USAGE = YES_ERROR;
				CLANG_WARN_DOCUMENTATION_COMMENTS = YES;
				CLANG_WARN_EMPTY_BODY = YES;
				CLANG_WARN_ENUM_CONVERSION = YES;
				CLANG_WARN_INFINITE_RECURSION = YES;
				CLANG_WARN_INT_CONVERSION = YES;
				CLANG_WARN_NON_LITERAL_NULL_CONVERSION = YES;
				CLANG_WARN_OBJC_IMPLICIT_RETAIN_SELF = YES;
				CLANG_WARN_OBJC_LITERAL_CONVERSION = YES;
				CLANG_WARN_OBJC_ROOT_CLASS = YES_ERROR;
				CLANG_WARN_RANGE_LOOP_ANALYSIS = YES;
				CLANG_WARN_STRICT_PROTOTYPES = YES;
				CLANG_WARN_SUSPICIOUS_MOVE = YES;
				CLANG_WARN_UNGUARDED_AVAILABILITY = YES_AGGRESSIVE;
				CLANG_WARN_UNREACHABLE_CODE = YES;
				CLANG_WARN__DUPLICATE_METHOD_MATCH = YES;
				CODE_SIGN_IDENTITY = "Mac Developer";
				COPY_PHASE_STRIP = NO;
				DEBUG_INFORMATION_FORMAT = dwarf;
				ENABLE_STRICT_OBJC_MSGSEND = YES;
				ENABLE_TESTABILITY = YES;
				GCC_C_LANGUAGE_STANDARD = gnu11;
				GCC_DYNAMIC_NO_PIC = NO;
				GCC_NO_COMMON_BLOCKS = YES;
				GCC_OPTIMIZATION_LEVEL = 0;
				GCC_PREPROCESSOR_DEFINITIONS = (
					"DEBUG=1",
					"$(inherited)",
				);
				GCC_WARN_64_TO_32_BIT_CONVERSION = YES;
				GCC_WARN_ABOUT_RETURN_TYPE = YES_ERROR;
				GCC_WARN_UNDECLARED_SELECTOR = YES;
				GCC_WARN_UNINITIALIZED_AUTOS = YES_AGGRESSIVE;
				GCC_WARN_UNUSED_FUNCTION = YES;
				GCC_WARN_UNUSED_VARIABLE = YES;
				MACOSX_DEPLOYMENT_TARGET = 10.15;
				MTL_ENABLE_DEBUG_INFO = INCLUDE_SOURCE;
				MTL_FAST_MATH = YES;
				ONLY_ACTIVE_ARCH = YES;
				SDKROOT = macosx;
			};
			name = Debug;
		};
		AF13703C2577E8B500D3DC73 /* Release */ = {
			isa = XCBuildConfiguration;
			buildSettings = {
				ALWAYS_SEARCH_USER_PATHS = NO;
				CLANG_ANALYZER_NONNULL = YES;
				CLANG_ANALYZER_NUMBER_OBJECT_CONVERSION = YES_AGGRESSIVE;
				CLANG_CXX_LANGUAGE_STANDARD = "gnu++14";
				CLANG_CXX_LIBRARY = "libc++";
				CLANG_ENABLE_MODULES = YES;
				CLANG_ENABLE_OBJC_ARC = YES;
				CLANG_ENABLE_OBJC_WEAK = YES;
				CLANG_WARN_BLOCK_CAPTURE_AUTORELEASING = YES;
				CLANG_WARN_BOOL_CONVERSION = YES;
				CLANG_WARN_COMMA = YES;
				CLANG_WARN_CONSTANT_CONVERSION = YES;
				CLANG_WARN_DEPRECATED_OBJC_IMPLEMENTATIONS = YES;
				CLANG_WARN_DIRECT_OBJC_ISA_USAGE = YES_ERROR;
				CLANG_WARN_DOCUMENTATION_COMMENTS = YES;
				CLANG_WARN_EMPTY_BODY = YES;
				CLANG_WARN_ENUM_CONVERSION = YES;
				CLANG_WARN_INFINITE_RECURSION = YES;
				CLANG_WARN_INT_CONVERSION = YES;
				CLANG_WARN_NON_LITERAL_NULL_CONVERSION = YES;
				CLANG_WARN_OBJC_IMPLICIT_RETAIN_SELF = YES;
				CLANG_WARN_OBJC_LITERAL_CONVERSION = YES;
				CLANG_WARN_OBJC_ROOT_CLASS = YES_ERROR;
				CLANG_WARN_RANGE_LOOP_ANALYSIS = YES;
				CLANG_WARN_STRICT_PROTOTYPES = YES;
				CLANG_WARN_SUSPICIOUS_MOVE = YES;
				CLANG_WARN_UNGUARDED_AVAILABILITY = YES_AGGRESSIVE;
				CLANG_WARN_UNREACHABLE_CODE = YES;
				CLANG_WARN__DUPLICATE_METHOD_MATCH = YES;
				CODE_SIGN_IDENTITY = "Mac Developer";
				COPY_PHASE_STRIP = NO;
				DEBUG_INFORMATION_FORMAT = "dwarf-with-dsym";
				ENABLE_NS_ASSERTIONS = NO;
				ENABLE_STRICT_OBJC_MSGSEND = YES;
				GCC_C_LANGUAGE_STANDARD = gnu11;
				GCC_NO_COMMON_BLOCKS = YES;
				GCC_WARN_64_TO_32_BIT_CONVERSION = YES;
				GCC_WARN_ABOUT_RETURN_TYPE = YES_ERROR;
				GCC_WARN_UNDECLARED_SELECTOR = YES;
				GCC_WARN_UNINITIALIZED_AUTOS = YES_AGGRESSIVE;
				GCC_WARN_UNUSED_FUNCTION = YES;
				GCC_WARN_UNUSED_VARIABLE = YES;
				MACOSX_DEPLOYMENT_TARGET = 10.15;
				MTL_ENABLE_DEBUG_INFO = NO;
				MTL_FAST_MATH = YES;
				SDKROOT = macosx;
			};
			name = Release;
		};
		AF13703E2577E8B500D3DC73 /* Debug */ = {
			isa = XCBuildConfiguration;
			buildSettings = {
				ASSETCATALOG_COMPILER_APPICON_NAME = AppIcon;
				CODE_SIGN_ENTITLEMENTS = Xcode10.1/Xcode10_1.entitlements;
				CODE_SIGN_STYLE = Automatic;
				COMBINE_HIDPI_IMAGES = YES;
				DEVELOPMENT_TEAM = 82C875UJ9D;
				INFOPLIST_FILE = Xcode10.1/Info.plist;
				LD_RUNPATH_SEARCH_PATHS = (
					"$(inherited)",
					"@executable_path/../Frameworks",
				);
				PRODUCT_BUNDLE_IDENTIFIER = "Separeter.Xcode10-1";
				PRODUCT_NAME = "$(TARGET_NAME)";
			};
			name = Debug;
		};
		AF13703F2577E8B500D3DC73 /* Release */ = {
			isa = XCBuildConfiguration;
			buildSettings = {
				ASSETCATALOG_COMPILER_APPICON_NAME = AppIcon;
				CODE_SIGN_ENTITLEMENTS = Xcode10.1/Xcode10_1.entitlements;
				CODE_SIGN_STYLE = Automatic;
				COMBINE_HIDPI_IMAGES = YES;
				DEVELOPMENT_TEAM = 82C875UJ9D;
				INFOPLIST_FILE = Xcode10.1/Info.plist;
				LD_RUNPATH_SEARCH_PATHS = (
					"$(inherited)",
					"@executable_path/../Frameworks",
				);
				PRODUCT_BUNDLE_IDENTIFIER = "Separeter.Xcode10-1";
				PRODUCT_NAME = "$(TARGET_NAME)";
			};
			name = Release;
		};
		AF1370412577E8B500D3DC73 /* Debug */ = {
			isa = XCBuildConfiguration;
			buildSettings = {
				BUNDLE_LOADER = "$(TEST_HOST)";
				CODE_SIGN_STYLE = Automatic;
				COMBINE_HIDPI_IMAGES = YES;
				DEVELOPMENT_TEAM = 82C875UJ9D;
				INFOPLIST_FILE = Xcode10.1Tests/Info.plist;
				LD_RUNPATH_SEARCH_PATHS = (
					"$(inherited)",
					"@executable_path/../Frameworks",
					"@loader_path/../Frameworks",
				);
				PRODUCT_BUNDLE_IDENTIFIER = "Separeter.Xcode10-1Tests";
				PRODUCT_NAME = "$(TARGET_NAME)";
				TEST_HOST = "$(BUILT_PRODUCTS_DIR)/Xcode10.1.app/Contents/MacOS/Xcode10.1";
			};
			name = Debug;
		};
		AF1370422577E8B500D3DC73 /* Release */ = {
			isa = XCBuildConfiguration;
			buildSettings = {
				BUNDLE_LOADER = "$(TEST_HOST)";
				CODE_SIGN_STYLE = Automatic;
				COMBINE_HIDPI_IMAGES = YES;
				DEVELOPMENT_TEAM = 82C875UJ9D;
				INFOPLIST_FILE = Xcode10.1Tests/Info.plist;
				LD_RUNPATH_SEARCH_PATHS = (
					"$(inherited)",
					"@executable_path/../Frameworks",
					"@loader_path/../Frameworks",
				);
				PRODUCT_BUNDLE_IDENTIFIER = "Separeter.Xcode10-1Tests";
				PRODUCT_NAME = "$(TARGET_NAME)";
				TEST_HOST = "$(BUILT_PRODUCTS_DIR)/Xcode10.1.app/Contents/MacOS/Xcode10.1";
			};
			name = Release;
		};
		AF1370442577E8B500D3DC73 /* Debug */ = {
			isa = XCBuildConfiguration;
			buildSettings = {
				CODE_SIGN_STYLE = Automatic;
				COMBINE_HIDPI_IMAGES = YES;
				DEVELOPMENT_TEAM = 82C875UJ9D;
				INFOPLIST_FILE = Xcode10.1UITests/Info.plist;
				LD_RUNPATH_SEARCH_PATHS = (
					"$(inherited)",
					"@executable_path/../Frameworks",
					"@loader_path/../Frameworks",
				);
				PRODUCT_BUNDLE_IDENTIFIER = "Separeter.Xcode10-1UITests";
				PRODUCT_NAME = "$(TARGET_NAME)";
				TEST_TARGET_NAME = Xcode10.1;
			};
			name = Debug;
		};
		AF1370452577E8B500D3DC73 /* Release */ = {
			isa = XCBuildConfiguration;
			buildSettings = {
				CODE_SIGN_STYLE = Automatic;
				COMBINE_HIDPI_IMAGES = YES;
				DEVELOPMENT_TEAM = 82C875UJ9D;
				INFOPLIST_FILE = Xcode10.1UITests/Info.plist;
				LD_RUNPATH_SEARCH_PATHS = (
					"$(inherited)",
					"@executable_path/../Frameworks",
					"@loader_path/../Frameworks",
				);
				PRODUCT_BUNDLE_IDENTIFIER = "Separeter.Xcode10-1UITests";
				PRODUCT_NAME = "$(TARGET_NAME)";
				TEST_TARGET_NAME = Xcode10.1;
			};
			name = Release;
		};
/* End XCBuildConfiguration section */

/* Begin XCConfigurationList section */
		AF13700E2577E8B500D3DC73 /* Build configuration list for PBXProject "Xcode10.1" */ = {
			isa = XCConfigurationList;
			buildConfigurations = (
				AF13703B2577E8B500D3DC73 /* Debug */,
				AF13703C2577E8B500D3DC73 /* Release */,
			);
			defaultConfigurationIsVisible = 0;
			defaultConfigurationName = Release;
		};
		AF13703D2577E8B500D3DC73 /* Build configuration list for PBXNativeTarget "Xcode10.1" */ = {
			isa = XCConfigurationList;
			buildConfigurations = (
				AF13703E2577E8B500D3DC73 /* Debug */,
				AF13703F2577E8B500D3DC73 /* Release */,
			);
			defaultConfigurationIsVisible = 0;
			defaultConfigurationName = Release;
		};
		AF1370402577E8B500D3DC73 /* Build configuration list for PBXNativeTarget "Xcode10.1Tests" */ = {
			isa = XCConfigurationList;
			buildConfigurations = (
				AF1370412577E8B500D3DC73 /* Debug */,
				AF1370422577E8B500D3DC73 /* Release */,
			);
			defaultConfigurationIsVisible = 0;
			defaultConfigurationName = Release;
		};
		AF1370432577E8B500D3DC73 /* Build configuration list for PBXNativeTarget "Xcode10.1UITests" */ = {
			isa = XCConfigurationList;
			buildConfigurations = (
				AF1370442577E8B500D3DC73 /* Debug */,
				AF1370452577E8B500D3DC73 /* Release */,
			);
			defaultConfigurationIsVisible = 0;
			defaultConfigurationName = Release;
		};
/* End XCConfigurationList section */
	};
	rootObject = AF13700B2577E8B500D3DC73 /* Project object */;
}
